
Microsoft Visual Studio Solution File, Format Version 12.00
# Visual Studio Version 17
VisualStudioVersion = 17.7.34221.43
MinimumVisualStudioVersion = 10.0.40219.1
Project("{FAE04EC0-301F-11D3-BF4B-00C04F79EFBC}") = "Teorie-mostenire2", "Teorie-mostenire2\Teorie-mostenire2.csproj", "{4FABFB95-35F4-4ACB-B23E-206664224932}"
EndProject
Global
	GlobalSection(SolutionConfigurationPlatforms) = preSolution
		Debug|Any CPU = Debug|Any CPU
		Release|Any CPU = Release|Any CPU
	EndGlobalSection
	GlobalSection(ProjectConfigurationPlatforms) = postSolution
		{4FABFB95-35F4-4ACB-B23E-206664224932}.Debug|Any CPU.ActiveCfg = Debug|Any CPU
		{4FABFB95-35F4-4ACB-B23E-206664224932}.Debug|Any CPU.Build.0 = Debug|Any CPU
		{4FABFB95-35F4-4ACB-B23E-206664224932}.Release|Any CPU.ActiveCfg = Release|Any CPU
		{4FABFB95-35F4-4ACB-B23E-206664224932}.Release|Any CPU.Build.0 = Release|Any CPU
	EndGlobalSection
	GlobalSection(SolutionProperties) = preSolution
		HideSolutionNode = FALSE
	EndGlobalSection
	GlobalSection(ExtensibilityGlobals) = postSolution
		SolutionGuid = {24DFBEB9-EF01-4FEA-B925-D4043D688A39}
	EndGlobalSection
EndGlobal
